
Microsoft Visual Studio Solution File, Format Version 12.00
# Visual Studio Version 16
VisualStudioVersion = 16.0.33927.289
MinimumVisualStudioVersion = 10.0.40219.1
Project("{2150E333-8FDC-42A3-9474-1A3956D46DE8}") = "Task0", "Task0", "{9EC8FAB5-2C5D-4C69-B77B-C14BC496A499}"
EndProject
Project("{2150E333-8FDC-42A3-9474-1A3956D46DE8}") = "Task1", "Task1", "{74967427-4A3D-44C7-A6D8-05728461964E}"
EndProject
Project("{2150E333-8FDC-42A3-9474-1A3956D46DE8}") = "Task2", "Task2", "{C92E87DA-37D5-4B63-A44E-B9D902A986A8}"
EndProject
Project("{2150E333-8FDC-42A3-9474-1A3956D46DE8}") = "Task3", "Task3", "{81CA6D14-FA54-4727-954B-5A2391C5F2C1}"
EndProject
Project("{2150E333-8FDC-42A3-9474-1A3956D46DE8}") = "Task4", "Task4", "{C6AA2D29-C5C4-44D6-9189-BC3A70A947D3}"
EndProject
Project("{2150E333-8FDC-42A3-9474-1A3956D46DE8}") = "Task5", "Task5", "{966C3561-DAF2-45A7-B914-3C9D71F01933}"
EndProject
Project("{2150E333-8FDC-42A3-9474-1A3956D46DE8}") = "Task6", "Task6", "{5ADC21DE-87C1-4ECF-BDC8-472B2D101035}"
EndProject
Project("{2150E333-8FDC-42A3-9474-1A3956D46DE8}") = "Task7", "Task7", "{8EAEB20D-F1C5-472B-80D1-F9313AB43AE2}"
EndProject
Project("{FAE04EC0-301F-11D3-BF4B-00C04F79EFBC}") = "Tyuiu.PasechnikPA.Sprint2.Task0.V6.Lib", "Tyuiu.PasechnikPA.Sprint2.Task0.V6.Lib\Tyuiu.PasechnikPA.Sprint2.Task0.V6.Lib.csproj", "{EE24E910-AAE9-4293-BD75-141198F853BB}"
EndProject
Project("{FAE04EC0-301F-11D3-BF4B-00C04F79EFBC}") = "Tyuiu.PasechnikPA.Sprint2.Task0.V6.Test", "Tyuiu.PasechnikPA.Sprint2.Task0.V6.Test\Tyuiu.PasechnikPA.Sprint2.Task0.V6.Test.csproj", "{C7F63F5C-EC8A-4F4E-9922-0C96FC8065F3}"
EndProject
Project("{FAE04EC0-301F-11D3-BF4B-00C04F79EFBC}") = "Tyuiu.PasechnikPA.Sprint2.Task1.V11", "Tyuiu.PasechnikPA.Sprint2.Task1.V11\Tyuiu.PasechnikPA.Sprint2.Task1.V11.csproj", "{A9F12DBD-2AC8-4804-AE8D-DFDCCB792AF2}"
EndProject
Project("{FAE04EC0-301F-11D3-BF4B-00C04F79EFBC}") = "Tyuiu.PasechnikPA.Sprint2.Task1.V11.Lib", "Tyuiu.PasechnikPA.Sprint2.Task1.V11.Lib\Tyuiu.PasechnikPA.Sprint2.Task1.V11.Lib.csproj", "{4CED12AF-2461-4C6E-BB6B-60F68EEDD69D}"
EndProject
Project("{FAE04EC0-301F-11D3-BF4B-00C04F79EFBC}") = "Tyuiu.PasechnikPA.Sprint2.Task1.V11.Test", "Tyuiu.PasechnikPA.Sprint2.Task1.V11.Test\Tyuiu.PasechnikPA.Sprint2.Task1.V11.Test.csproj", "{4EDF2955-6B1E-4760-9A2D-C72B683E4190}"
EndProject
Project("{FAE04EC0-301F-11D3-BF4B-00C04F79EFBC}") = "Tyuiu.PasechnikPA.Sprint2.Task2.V29", "Tyuiu.PasechnikPA.Sprint2.Task2.V29\Tyuiu.PasechnikPA.Sprint2.Task2.V29.csproj", "{F80160C4-6A86-4A6A-9ED1-9C169910BD8D}"
EndProject
Project("{FAE04EC0-301F-11D3-BF4B-00C04F79EFBC}") = "Tyuiu.PasechnikPA.Sprint2.Task2.V29.Lib", "Tyuiu.PasechnikPA.Sprint2.Task2.V29.Lib\Tyuiu.PasechnikPA.Sprint2.Task2.V29.Lib.csproj", "{D1925C90-3C6D-4974-A945-4F76EE145602}"
EndProject
Project("{FAE04EC0-301F-11D3-BF4B-00C04F79EFBC}") = "Tyuiu.PasechnikPA.Sprint2.Task2.V29.Test", "Tyuiu.PasechnikPA.Sprint2.Task2.V29.Test\Tyuiu.PasechnikPA.Sprint2.Task2.V29.Test.csproj", "{03B20878-E0A2-476A-B71B-AE478E4FA81B}"
EndProject
Project("{FAE04EC0-301F-11D3-BF4B-00C04F79EFBC}") = "Tyuiu.PasechnikPA.Sprint2.Task3.V23", "Tyuiu.PasechnikPA.Sprint2.Task3.V23\Tyuiu.PasechnikPA.Sprint2.Task3.V23.csproj", "{743FC27C-5BF6-4F32-BEE3-27530294D706}"
EndProject
Project("{FAE04EC0-301F-11D3-BF4B-00C04F79EFBC}") = "Tyuiu.PasechnikPA.Sprint2.Task3.V23.Lib", "Tyuiu.PasechnikPA.Sprint2.Task3.V23.Lib\Tyuiu.PasechnikPA.Sprint2.Task3.V23.Lib.csproj", "{D571C8C1-56A0-4933-BCDD-E6771E7E13F2}"
EndProject
Project("{FAE04EC0-301F-11D3-BF4B-00C04F79EFBC}") = "Tyuiu.PasechnikPA.Sprint2.Task3.V23.Test", "Tyuiu.PasechnikPA.Sprint2.Task3.V23.Test\Tyuiu.PasechnikPA.Sprint2.Task3.V23.Test.csproj", "{80FCEE33-7A95-49A0-ABE0-5FF973EC51DD}"
EndProject
Project("{FAE04EC0-301F-11D3-BF4B-00C04F79EFBC}") = "Tyuiu.PasechnikPA.Sprint2.Task4.V8", "Tyuiu.PasechnikPA.Sprint2.Task4.V8\Tyuiu.PasechnikPA.Sprint2.Task4.V8.csproj", "{737F3719-354F-4204-B231-7B2F1BF435C8}"
EndProject
Project("{FAE04EC0-301F-11D3-BF4B-00C04F79EFBC}") = "Tyuiu.PasechnikPA.Sprint2.Task4.V8.Lib", "Tyuiu.PasechnikPA.Sprint2.Task4.V8.Lib\Tyuiu.PasechnikPA.Sprint2.Task4.V8.Lib.csproj", "{94224AD9-CB19-4A56-BD6B-C9FC0B7DD215}"
EndProject
Project("{FAE04EC0-301F-11D3-BF4B-00C04F79EFBC}") = "Tyuiu.PasechnikPA.Sprint2.Task4.V8.Test", "Tyuiu.PasechnikPA.Sprint2.Task4.V8.Test\Tyuiu.PasechnikPA.Sprint2.Task4.V8.Test.csproj", "{E4745D5C-9DAC-4A6F-9A5A-CDA18A6D501A}"
EndProject
Project("{FAE04EC0-301F-11D3-BF4B-00C04F79EFBC}") = "Tyuiu.PasechnikPA.Sprint2.Task5.V1", "Tyuiu.PasechnikPA.Sprint2.Task5.V1\Tyuiu.PasechnikPA.Sprint2.Task5.V1.csproj", "{DCB68CD0-97C9-4F0E-8F4A-6D00D02E6154}"
EndProject
Project("{FAE04EC0-301F-11D3-BF4B-00C04F79EFBC}") = "Tyuiu.PasechnikPA.Sprint2.Task5.V1.Lib", "Tyuiu.PasechnikPA.Sprint2.Task5.V1.Lib\Tyuiu.PasechnikPA.Sprint2.Task5.V1.Lib.csproj", "{30441C14-FA4C-4131-8A25-CF51F07D2156}"
EndProject
Project("{FAE04EC0-301F-11D3-BF4B-00C04F79EFBC}") = "Tyuiu.PasechnikPA.Sprint2.Task5.V1.Test", "Tyuiu.PasechnikPA.Sprint2.Task5.V1.Test\Tyuiu.PasechnikPA.Sprint2.Task5.V1.Test.csproj", "{BBE47333-1261-49B3-8D61-4DDDF6C792DD}"
EndProject
Project("{FAE04EC0-301F-11D3-BF4B-00C04F79EFBC}") = "Tyuiu.PasechnikPA.Sprint2.Task6.V2", "Tyuiu.PasechnikPA.Sprint2.Task6.V2\Tyuiu.PasechnikPA.Sprint2.Task6.V2.csproj", "{60CEA42E-3B18-4F1E-9665-7A18321C6FE4}"
EndProject
Project("{FAE04EC0-301F-11D3-BF4B-00C04F79EFBC}") = "Tyuiu.PasechnikPA.Sprint2.Task6.V2.Lib", "Tyuiu.PasechnikPA.Sprint2.Task6.V2.Lib\Tyuiu.PasechnikPA.Sprint2.Task6.V2.Lib.csproj", "{2DFA4964-9905-45EC-B17C-FE6B11C73D8A}"
EndProject
Project("{FAE04EC0-301F-11D3-BF4B-00C04F79EFBC}") = "Tyuiu.PasechnikPA.Sprint2.Task6.V2.Test", "Tyuiu.PasechnikPA.Sprint2.Task6.V2.Test\Tyuiu.PasechnikPA.Sprint2.Task6.V2.Test.csproj", "{20A8AEC2-27CC-404B-9D2C-A87EB31C3D2E}"
EndProject
Project("{FAE04EC0-301F-11D3-BF4B-00C04F79EFBC}") = "Tyuiu.PasechnikPA.Sprint2.Task7.V13", "Tyuiu.PasechnikPA.Sprint2.Task7.V13\Tyuiu.PasechnikPA.Sprint2.Task7.V13.csproj", "{12CDABBB-65C5-41B0-9D8F-D152EE8D7BBB}"
EndProject
Project("{FAE04EC0-301F-11D3-BF4B-00C04F79EFBC}") = "Tyuiu.PasechnikPA.Sprint2.Task7.V13.Lib", "Tyuiu.PasechnikPA.Sprint2.Task7.V13.Lib\Tyuiu.PasechnikPA.Sprint2.Task7.V13.Lib.csproj", "{1B177A62-EADA-43A1-8BD5-DB9E58C90D4A}"
EndProject
Project("{FAE04EC0-301F-11D3-BF4B-00C04F79EFBC}") = "Tyuiu.PasechnikPA.Sprint2.Task7.V13.Test", "Tyuiu.PasechnikPA.Sprint2.Task7.V13.Test\Tyuiu.PasechnikPA.Sprint2.Task7.V13.Test.csproj", "{9BE31EF6-F9C5-4CAC-988C-88698C755A87}"
EndProject
Project("{FAE04EC0-301F-11D3-BF4B-00C04F79EFBC}") = "Tyuiu.PasechnikPA.Sprint2.Task0.V6", "Tyuiu.PasechnikPA.Sprint2.Task0.V6\Tyuiu.PasechnikPA.Sprint2.Task0.V6.csproj", "{7DBB7FA7-383D-488B-BADF-279399A38A4D}"
EndProject
Global
	GlobalSection(SolutionConfigurationPlatforms) = preSolution
		Debug|Any CPU = Debug|Any CPU
		Release|Any CPU = Release|Any CPU
	EndGlobalSection
	GlobalSection(ProjectConfigurationPlatforms) = postSolution
		{EE24E910-AAE9-4293-BD75-141198F853BB}.Debug|Any CPU.ActiveCfg = Debug|Any CPU
		{EE24E910-AAE9-4293-BD75-141198F853BB}.Debug|Any CPU.Build.0 = Debug|Any CPU
		{EE24E910-AAE9-4293-BD75-141198F853BB}.Release|Any CPU.ActiveCfg = Release|Any CPU
		{EE24E910-AAE9-4293-BD75-141198F853BB}.Release|Any CPU.Build.0 = Release|Any CPU
		{C7F63F5C-EC8A-4F4E-9922-0C96FC8065F3}.Debug|Any CPU.ActiveCfg = Debug|Any CPU
		{C7F63F5C-EC8A-4F4E-9922-0C96FC8065F3}.Debug|Any CPU.Build.0 = Debug|Any CPU
		{C7F63F5C-EC8A-4F4E-9922-0C96FC8065F3}.Release|Any CPU.ActiveCfg = Release|Any CPU
		{C7F63F5C-EC8A-4F4E-9922-0C96FC8065F3}.Release|Any CPU.Build.0 = Release|Any CPU
		{A9F12DBD-2AC8-4804-AE8D-DFDCCB792AF2}.Debug|Any CPU.ActiveCfg = Debug|Any CPU
		{A9F12DBD-2AC8-4804-AE8D-DFDCCB792AF2}.Debug|Any CPU.Build.0 = Debug|Any CPU
		{A9F12DBD-2AC8-4804-AE8D-DFDCCB792AF2}.Release|Any CPU.ActiveCfg = Release|Any CPU
		{A9F12DBD-2AC8-4804-AE8D-DFDCCB792AF2}.Release|Any CPU.Build.0 = Release|Any CPU
		{4CED12AF-2461-4C6E-BB6B-60F68EEDD69D}.Debug|Any CPU.ActiveCfg = Debug|Any CPU
		{4CED12AF-2461-4C6E-BB6B-60F68EEDD69D}.Debug|Any CPU.Build.0 = Debug|Any CPU
		{4CED12AF-2461-4C6E-BB6B-60F68EEDD69D}.Release|Any CPU.ActiveCfg = Release|Any CPU
		{4CED12AF-2461-4C6E-BB6B-60F68EEDD69D}.Release|Any CPU.Build.0 = Release|Any CPU
		{4EDF2955-6B1E-4760-9A2D-C72B683E4190}.Debug|Any CPU.ActiveCfg = Debug|Any CPU
		{4EDF2955-6B1E-4760-9A2D-C72B683E4190}.Debug|Any CPU.Build.0 = Debug|Any CPU
		{4EDF2955-6B1E-4760-9A2D-C72B683E4190}.Release|Any CPU.ActiveCfg = Release|Any CPU
		{4EDF2955-6B1E-4760-9A2D-C72B683E4190}.Release|Any CPU.Build.0 = Release|Any CPU
		{F80160C4-6A86-4A6A-9ED1-9C169910BD8D}.Debug|Any CPU.ActiveCfg = Debug|Any CPU
		{F80160C4-6A86-4A6A-9ED1-9C169910BD8D}.Debug|Any CPU.Build.0 = Debug|Any CPU
		{F80160C4-6A86-4A6A-9ED1-9C169910BD8D}.Release|Any CPU.ActiveCfg = Release|Any CPU
		{F80160C4-6A86-4A6A-9ED1-9C169910BD8D}.Release|Any CPU.Build.0 = Release|Any CPU
		{D1925C90-3C6D-4974-A945-4F76EE145602}.Debug|Any CPU.ActiveCfg = Debug|Any CPU
		{D1925C90-3C6D-4974-A945-4F76EE145602}.Debug|Any CPU.Build.0 = Debug|Any CPU
		{D1925C90-3C6D-4974-A945-4F76EE145602}.Release|Any CPU.ActiveCfg = Release|Any CPU
		{D1925C90-3C6D-4974-A945-4F76EE145602}.Release|Any CPU.Build.0 = Release|Any CPU
		{03B20878-E0A2-476A-B71B-AE478E4FA81B}.Debug|Any CPU.ActiveCfg = Debug|Any CPU
		{03B20878-E0A2-476A-B71B-AE478E4FA81B}.Debug|Any CPU.Build.0 = Debug|Any CPU
		{03B20878-E0A2-476A-B71B-AE478E4FA81B}.Release|Any CPU.ActiveCfg = Release|Any CPU
		{03B20878-E0A2-476A-B71B-AE478E4FA81B}.Release|Any CPU.Build.0 = Release|Any CPU
		{743FC27C-5BF6-4F32-BEE3-27530294D706}.Debug|Any CPU.ActiveCfg = Debug|Any CPU
		{743FC27C-5BF6-4F32-BEE3-27530294D706}.Debug|Any CPU.Build.0 = Debug|Any CPU
		{743FC27C-5BF6-4F32-BEE3-27530294D706}.Release|Any CPU.ActiveCfg = Release|Any CPU
		{743FC27C-5BF6-4F32-BEE3-27530294D706}.Release|Any CPU.Build.0 = Release|Any CPU
		{D571C8C1-56A0-4933-BCDD-E6771E7E13F2}.Debug|Any CPU.ActiveCfg = Debug|Any CPU
		{D571C8C1-56A0-4933-BCDD-E6771E7E13F2}.Debug|Any CPU.Build.0 = Debug|Any CPU
		{D571C8C1-56A0-4933-BCDD-E6771E7E13F2}.Release|Any CPU.ActiveCfg = Release|Any CPU
		{D571C8C1-56A0-4933-BCDD-E6771E7E13F2}.Release|Any CPU.Build.0 = Release|Any CPU
		{80FCEE33-7A95-49A0-ABE0-5FF973EC51DD}.Debug|Any CPU.ActiveCfg = Debug|Any CPU
		{80FCEE33-7A95-49A0-ABE0-5FF973EC51DD}.Debug|Any CPU.Build.0 = Debug|Any CPU
		{80FCEE33-7A95-49A0-ABE0-5FF973EC51DD}.Release|Any CPU.ActiveCfg = Release|Any CPU
		{80FCEE33-7A95-49A0-ABE0-5FF973EC51DD}.Release|Any CPU.Build.0 = Release|Any CPU
		{737F3719-354F-4204-B231-7B2F1BF435C8}.Debug|Any CPU.ActiveCfg = Debug|Any CPU
		{737F3719-354F-4204-B231-7B2F1BF435C8}.Debug|Any CPU.Build.0 = Debug|Any CPU
		{737F3719-354F-4204-B231-7B2F1BF435C8}.Release|Any CPU.ActiveCfg = Release|Any CPU
		{737F3719-354F-4204-B231-7B2F1BF435C8}.Release|Any CPU.Build.0 = Release|Any CPU
		{94224AD9-CB19-4A56-BD6B-C9FC0B7DD215}.Debug|Any CPU.ActiveCfg = Debug|Any CPU
		{94224AD9-CB19-4A56-BD6B-C9FC0B7DD215}.Debug|Any CPU.Build.0 = Debug|Any CPU
		{94224AD9-CB19-4A56-BD6B-C9FC0B7DD215}.Release|Any CPU.ActiveCfg = Release|Any CPU
		{94224AD9-CB19-4A56-BD6B-C9FC0B7DD215}.Release|Any CPU.Build.0 = Release|Any CPU
		{E4745D5C-9DAC-4A6F-9A5A-CDA18A6D501A}.Debug|Any CPU.ActiveCfg = Debug|Any CPU
		{E4745D5C-9DAC-4A6F-9A5A-CDA18A6D501A}.Debug|Any CPU.Build.0 = Debug|Any CPU
		{E4745D5C-9DAC-4A6F-9A5A-CDA18A6D501A}.Release|Any CPU.ActiveCfg = Release|Any CPU
		{E4745D5C-9DAC-4A6F-9A5A-CDA18A6D501A}.Release|Any CPU.Build.0 = Release|Any CPU
		{DCB68CD0-97C9-4F0E-8F4A-6D00D02E6154}.Debug|Any CPU.ActiveCfg = Debug|Any CPU
		{DCB68CD0-97C9-4F0E-8F4A-6D00D02E6154}.Debug|Any CPU.Build.0 = Debug|Any CPU
		{DCB68CD0-97C9-4F0E-8F4A-6D00D02E6154}.Release|Any CPU.ActiveCfg = Release|Any CPU
		{DCB68CD0-97C9-4F0E-8F4A-6D00D02E6154}.Release|Any CPU.Build.0 = Release|Any CPU
		{30441C14-FA4C-4131-8A25-CF51F07D2156}.Debug|Any CPU.ActiveCfg = Debug|Any CPU
		{30441C14-FA4C-4131-8A25-CF51F07D2156}.Debug|Any CPU.Build.0 = Debug|Any CPU
		{30441C14-FA4C-4131-8A25-CF51F07D2156}.Release|Any CPU.ActiveCfg = Release|Any CPU
		{30441C14-FA4C-4131-8A25-CF51F07D2156}.Release|Any CPU.Build.0 = Release|Any CPU
		{BBE47333-1261-49B3-8D61-4DDDF6C792DD}.Debug|Any CPU.ActiveCfg = Debug|Any CPU
		{BBE47333-1261-49B3-8D61-4DDDF6C792DD}.Debug|Any CPU.Build.0 = Debug|Any CPU
		{BBE47333-1261-49B3-8D61-4DDDF6C792DD}.Release|Any CPU.ActiveCfg = Release|Any CPU
		{BBE47333-1261-49B3-8D61-4DDDF6C792DD}.Release|Any CPU.Build.0 = Release|Any CPU
		{60CEA42E-3B18-4F1E-9665-7A18321C6FE4}.Debug|Any CPU.ActiveCfg = Debug|Any CPU
		{60CEA42E-3B18-4F1E-9665-7A18321C6FE4}.Debug|Any CPU.Build.0 = Debug|Any CPU
		{60CEA42E-3B18-4F1E-9665-7A18321C6FE4}.Release|Any CPU.ActiveCfg = Release|Any CPU
		{60CEA42E-3B18-4F1E-9665-7A18321C6FE4}.Release|Any CPU.Build.0 = Release|Any CPU
		{2DFA4964-9905-45EC-B17C-FE6B11C73D8A}.Debug|Any CPU.ActiveCfg = Debug|Any CPU
		{2DFA4964-9905-45EC-B17C-FE6B11C73D8A}.Debug|Any CPU.Build.0 = Debug|Any CPU
		{2DFA4964-9905-45EC-B17C-FE6B11C73D8A}.Release|Any CPU.ActiveCfg = Release|Any CPU
		{2DFA4964-9905-45EC-B17C-FE6B11C73D8A}.Release|Any CPU.Build.0 = Release|Any CPU
		{20A8AEC2-27CC-404B-9D2C-A87EB31C3D2E}.Debug|Any CPU.ActiveCfg = Debug|Any CPU
		{20A8AEC2-27CC-404B-9D2C-A87EB31C3D2E}.Debug|Any CPU.Build.0 = Debug|Any CPU
		{20A8AEC2-27CC-404B-9D2C-A87EB31C3D2E}.Release|Any CPU.ActiveCfg = Release|Any CPU
		{20A8AEC2-27CC-404B-9D2C-A87EB31C3D2E}.Release|Any CPU.Build.0 = Release|Any CPU
		{12CDABBB-65C5-41B0-9D8F-D152EE8D7BBB}.Debug|Any CPU.ActiveCfg = Debug|Any CPU
		{12CDABBB-65C5-41B0-9D8F-D152EE8D7BBB}.Debug|Any CPU.Build.0 = Debug|Any CPU
		{12CDABBB-65C5-41B0-9D8F-D152EE8D7BBB}.Release|Any CPU.ActiveCfg = Release|Any CPU
		{12CDABBB-65C5-41B0-9D8F-D152EE8D7BBB}.Release|Any CPU.Build.0 = Release|Any CPU
		{1B177A62-EADA-43A1-8BD5-DB9E58C90D4A}.Debug|Any CPU.ActiveCfg = Debug|Any CPU
		{1B177A62-EADA-43A1-8BD5-DB9E58C90D4A}.Debug|Any CPU.Build.0 = Debug|Any CPU
		{1B177A62-EADA-43A1-8BD5-DB9E58C90D4A}.Release|Any CPU.ActiveCfg = Release|Any CPU
		{1B177A62-EADA-43A1-8BD5-DB9E58C90D4A}.Release|Any CPU.Build.0 = Release|Any CPU
		{9BE31EF6-F9C5-4CAC-988C-88698C755A87}.Debug|Any CPU.ActiveCfg = Debug|Any CPU
		{9BE31EF6-F9C5-4CAC-988C-88698C755A87}.Debug|Any CPU.Build.0 = Debug|Any CPU
		{9BE31EF6-F9C5-4CAC-988C-88698C755A87}.Release|Any CPU.ActiveCfg = Release|Any CPU
		{9BE31EF6-F9C5-4CAC-988C-88698C755A87}.Release|Any CPU.Build.0 = Release|Any CPU
		{7DBB7FA7-383D-488B-BADF-279399A38A4D}.Debug|Any CPU.ActiveCfg = Debug|Any CPU
		{7DBB7FA7-383D-488B-BADF-279399A38A4D}.Debug|Any CPU.Build.0 = Debug|Any CPU
		{7DBB7FA7-383D-488B-BADF-279399A38A4D}.Release|Any CPU.ActiveCfg = Release|Any CPU
		{7DBB7FA7-383D-488B-BADF-279399A38A4D}.Release|Any CPU.Build.0 = Release|Any CPU
	EndGlobalSection
	GlobalSection(SolutionProperties) = preSolution
		HideSolutionNode = FALSE
	EndGlobalSection
	GlobalSection(NestedProjects) = preSolution
		{EE24E910-AAE9-4293-BD75-141198F853BB} = {9EC8FAB5-2C5D-4C69-B77B-C14BC496A499}
		{C7F63F5C-EC8A-4F4E-9922-0C96FC8065F3} = {9EC8FAB5-2C5D-4C69-B77B-C14BC496A499}
		{A9F12DBD-2AC8-4804-AE8D-DFDCCB792AF2} = {74967427-4A3D-44C7-A6D8-05728461964E}
		{4CED12AF-2461-4C6E-BB6B-60F68EEDD69D} = {74967427-4A3D-44C7-A6D8-05728461964E}
		{4EDF2955-6B1E-4760-9A2D-C72B683E4190} = {74967427-4A3D-44C7-A6D8-05728461964E}
		{F80160C4-6A86-4A6A-9ED1-9C169910BD8D} = {C92E87DA-37D5-4B63-A44E-B9D902A986A8}
		{D1925C90-3C6D-4974-A945-4F76EE145602} = {C92E87DA-37D5-4B63-A44E-B9D902A986A8}
		{03B20878-E0A2-476A-B71B-AE478E4FA81B} = {C92E87DA-37D5-4B63-A44E-B9D902A986A8}
		{743FC27C-5BF6-4F32-BEE3-27530294D706} = {81CA6D14-FA54-4727-954B-5A2391C5F2C1}
		{D571C8C1-56A0-4933-BCDD-E6771E7E13F2} = {81CA6D14-FA54-4727-954B-5A2391C5F2C1}
		{80FCEE33-7A95-49A0-ABE0-5FF973EC51DD} = {81CA6D14-FA54-4727-954B-5A2391C5F2C1}
		{737F3719-354F-4204-B231-7B2F1BF435C8} = {C6AA2D29-C5C4-44D6-9189-BC3A70A947D3}
		{94224AD9-CB19-4A56-BD6B-C9FC0B7DD215} = {C6AA2D29-C5C4-44D6-9189-BC3A70A947D3}
		{E4745D5C-9DAC-4A6F-9A5A-CDA18A6D501A} = {C6AA2D29-C5C4-44D6-9189-BC3A70A947D3}
		{DCB68CD0-97C9-4F0E-8F4A-6D00D02E6154} = {966C3561-DAF2-45A7-B914-3C9D71F01933}
		{30441C14-FA4C-4131-8A25-CF51F07D2156} = {966C3561-DAF2-45A7-B914-3C9D71F01933}
		{BBE47333-1261-49B3-8D61-4DDDF6C792DD} = {966C3561-DAF2-45A7-B914-3C9D71F01933}
		{60CEA42E-3B18-4F1E-9665-7A18321C6FE4} = {5ADC21DE-87C1-4ECF-BDC8-472B2D101035}
		{2DFA4964-9905-45EC-B17C-FE6B11C73D8A} = {5ADC21DE-87C1-4ECF-BDC8-472B2D101035}
		{20A8AEC2-27CC-404B-9D2C-A87EB31C3D2E} = {5ADC21DE-87C1-4ECF-BDC8-472B2D101035}
		{12CDABBB-65C5-41B0-9D8F-D152EE8D7BBB} = {8EAEB20D-F1C5-472B-80D1-F9313AB43AE2}
		{1B177A62-EADA-43A1-8BD5-DB9E58C90D4A} = {8EAEB20D-F1C5-472B-80D1-F9313AB43AE2}
		{9BE31EF6-F9C5-4CAC-988C-88698C755A87} = {8EAEB20D-F1C5-472B-80D1-F9313AB43AE2}
		{7DBB7FA7-383D-488B-BADF-279399A38A4D} = {9EC8FAB5-2C5D-4C69-B77B-C14BC496A499}
	EndGlobalSection
	GlobalSection(ExtensibilityGlobals) = postSolution
		SolutionGuid = {BA9ECAF6-D12B-40F3-9072-C0C8C16FFBB5}
	EndGlobalSection
EndGlobal
